
Microsoft Visual Studio Solution File, Format Version 12.00
# Visual Studio Version 17
VisualStudioVersion = 17.5.002.0
MinimumVisualStudioVersion = 10.0.40219.1
Project("{2150E333-8FDC-42A3-9474-1A3956D46DE8}") = "src", "src", "{F8A3BD67-0E07-4589-BE84-2A0359BAAB69}"
EndProject
Project("{9A19103F-16F7-4668-BE54-9A1E7A4F7556}") = "MyCourse", "src\MyCourse\MyCourse.csproj", "{BBEA840F-8173-4624-8992-DFE98447FCDD}"
EndProject
Global
	GlobalSection(SolutionConfigurationPlatforms) = preSolution
		Debug|Any CPU = Debug|Any CPU
		Release|Any CPU = Release|Any CPU
	EndGlobalSection
	GlobalSection(ProjectConfigurationPlatforms) = postSolution
		{BBEA840F-8173-4624-8992-DFE98447FCDD}.Debug|Any CPU.ActiveCfg = Debug|Any CPU
		{BBEA840F-8173-4624-8992-DFE98447FCDD}.Debug|Any CPU.Build.0 = Debug|Any CPU
		{BBEA840F-8173-4624-8992-DFE98447FCDD}.Release|Any CPU.ActiveCfg = Release|Any CPU
		{BBEA840F-8173-4624-8992-DFE98447FCDD}.Release|Any CPU.Build.0 = Release|Any CPU
	EndGlobalSection
	GlobalSection(SolutionProperties) = preSolution
		HideSolutionNode = FALSE
	EndGlobalSection
	GlobalSection(NestedProjects) = preSolution
		{BBEA840F-8173-4624-8992-DFE98447FCDD} = {F8A3BD67-0E07-4589-BE84-2A0359BAAB69}
	EndGlobalSection
	GlobalSection(ExtensibilityGlobals) = postSolution
		SolutionGuid = {067D6681-C832-4578-A4D7-1AE24468B518}
	EndGlobalSection
EndGlobal
